// !$*UTF8*$!
{
	archiveVersion = 1;
	classes = {
	};
	objectVersion = 56;
	objects = {

/* Begin PBXBuildFile section */
		E32AABF528EB415E0005BA5E /* CardModel.swift in Sources */ = {isa = PBXBuildFile; fileRef = E32AABF428EB415E0005BA5E /* CardModel.swift */; };
		E32AABF828EB427E0005BA5E /* Extensions.swift in Sources */ = {isa = PBXBuildFile; fileRef = E32AABF728EB427E0005BA5E /* Extensions.swift */; };
		E36DBB6E28E8668B00C83FAC /* RAMApp.swift in Sources */ = {isa = PBXBuildFile; fileRef = E36DBB6D28E8668B00C83FAC /* RAMApp.swift */; };
		E36DBB7028E8668B00C83FAC /* ContentView.swift in Sources */ = {isa = PBXBuildFile; fileRef = E36DBB6F28E8668B00C83FAC /* ContentView.swift */; };
		E36DBB7228E8668C00C83FAC /* Assets.xcassets in Resources */ = {isa = PBXBuildFile; fileRef = E36DBB7128E8668C00C83FAC /* Assets.xcassets */; };
		E36DBB7528E8668C00C83FAC /* Preview Assets.xcassets in Resources */ = {isa = PBXBuildFile; fileRef = E36DBB7428E8668C00C83FAC /* Preview Assets.xcassets */; };
		E36DBB7F28E8668C00C83FAC /* RAMTests.swift in Sources */ = {isa = PBXBuildFile; fileRef = E36DBB7E28E8668C00C83FAC /* RAMTests.swift */; };
		E36DBB8928E8668C00C83FAC /* RAMUITests.swift in Sources */ = {isa = PBXBuildFile; fileRef = E36DBB8828E8668C00C83FAC /* RAMUITests.swift */; };
		E36DBB8B28E8668C00C83FAC /* RAMUITestsLaunchTests.swift in Sources */ = {isa = PBXBuildFile; fileRef = E36DBB8A28E8668C00C83FAC /* RAMUITestsLaunchTests.swift */; };
		E36DBB9C28E86E2600C83FAC /* AspectVGridView.swift in Sources */ = {isa = PBXBuildFile; fileRef = E36DBB9B28E86E2600C83FAC /* AspectVGridView.swift */; };
		E36DBB9F28E8734E00C83FAC /* GameViewModel.swift in Sources */ = {isa = PBXBuildFile; fileRef = E36DBB9E28E8734E00C83FAC /* GameViewModel.swift */; };
		E3C7E6E128EF5600001DE56E /* ImageSetModel.swift in Sources */ = {isa = PBXBuildFile; fileRef = E3C7E6E028EF5600001DE56E /* ImageSetModel.swift */; };
		E3C7E6E328EF5A50001DE56E /* ImageSetViewModel.swift in Sources */ = {isa = PBXBuildFile; fileRef = E3C7E6E228EF5A50001DE56E /* ImageSetViewModel.swift */; };
		E3C7E6E628EF5BA0001DE56E /* Locale.swift in Sources */ = {isa = PBXBuildFile; fileRef = E3C7E6E528EF5BA0001DE56E /* Locale.swift */; };
		E3C7E6ED28EF5CE9001DE56E /* Localizable.strings in Resources */ = {isa = PBXBuildFile; fileRef = E3C7E6EF28EF5CE9001DE56E /* Localizable.strings */; };
		E3C7E6F328EF5DA1001DE56E /* Localizable.stringsdict in Resources */ = {isa = PBXBuildFile; fileRef = E3C7E6F528EF5DA1001DE56E /* Localizable.stringsdict */; };
		E3C7E6F828EF798E001DE56E /* CardView.swift in Sources */ = {isa = PBXBuildFile; fileRef = E3C7E6F728EF798E001DE56E /* CardView.swift */; };
		E3C7E6FA28EF7BF5001DE56E /* CardifyModifier.swift in Sources */ = {isa = PBXBuildFile; fileRef = E3C7E6F928EF7BF5001DE56E /* CardifyModifier.swift */; };
/* End PBXBuildFile section */

/* Begin PBXContainerItemProxy section */
		E36DBB7B28E8668C00C83FAC /* PBXContainerItemProxy */ = {
			isa = PBXContainerItemProxy;
			containerPortal = E36DBB6228E8668B00C83FAC /* Project object */;
			proxyType = 1;
			remoteGlobalIDString = E36DBB6928E8668B00C83FAC;
			remoteInfo = RAM;
		};
		E36DBB8528E8668C00C83FAC /* PBXContainerItemProxy */ = {
			isa = PBXContainerItemProxy;
			containerPortal = E36DBB6228E8668B00C83FAC /* Project object */;
			proxyType = 1;
			remoteGlobalIDString = E36DBB6928E8668B00C83FAC;
			remoteInfo = RAM;
		};
/* End PBXContainerItemProxy section */

/* Begin PBXFileReference section */
		E32AABF428EB415E0005BA5E /* CardModel.swift */ = {isa = PBXFileReference; lastKnownFileType = sourcecode.swift; path = CardModel.swift; sourceTree = "<group>"; };
		E32AABF728EB427E0005BA5E /* Extensions.swift */ = {isa = PBXFileReference; lastKnownFileType = sourcecode.swift; path = Extensions.swift; sourceTree = "<group>"; };
		E36DBB6A28E8668B00C83FAC /* RAM.app */ = {isa = PBXFileReference; explicitFileType = wrapper.application; includeInIndex = 0; path = RAM.app; sourceTree = BUILT_PRODUCTS_DIR; };
		E36DBB6D28E8668B00C83FAC /* RAMApp.swift */ = {isa = PBXFileReference; lastKnownFileType = sourcecode.swift; path = RAMApp.swift; sourceTree = "<group>"; };
		E36DBB6F28E8668B00C83FAC /* ContentView.swift */ = {isa = PBXFileReference; lastKnownFileType = sourcecode.swift; path = ContentView.swift; sourceTree = "<group>"; };
		E36DBB7128E8668C00C83FAC /* Assets.xcassets */ = {isa = PBXFileReference; lastKnownFileType = folder.assetcatalog; path = Assets.xcassets; sourceTree = "<group>"; };
		E36DBB7428E8668C00C83FAC /* Preview Assets.xcassets */ = {isa = PBXFileReference; lastKnownFileType = folder.assetcatalog; path = "Preview Assets.xcassets"; sourceTree = "<group>"; };
		E36DBB7A28E8668C00C83FAC /* RAMTests.xctest */ = {isa = PBXFileReference; explicitFileType = wrapper.cfbundle; includeInIndex = 0; path = RAMTests.xctest; sourceTree = BUILT_PRODUCTS_DIR; };
		E36DBB7E28E8668C00C83FAC /* RAMTests.swift */ = {isa = PBXFileReference; lastKnownFileType = sourcecode.swift; path = RAMTests.swift; sourceTree = "<group>"; };
		E36DBB8428E8668C00C83FAC /* RAMUITests.xctest */ = {isa = PBXFileReference; explicitFileType = wrapper.cfbundle; includeInIndex = 0; path = RAMUITests.xctest; sourceTree = BUILT_PRODUCTS_DIR; };
		E36DBB8828E8668C00C83FAC /* RAMUITests.swift */ = {isa = PBXFileReference; lastKnownFileType = sourcecode.swift; path = RAMUITests.swift; sourceTree = "<group>"; };
		E36DBB8A28E8668C00C83FAC /* RAMUITestsLaunchTests.swift */ = {isa = PBXFileReference; lastKnownFileType = sourcecode.swift; path = RAMUITestsLaunchTests.swift; sourceTree = "<group>"; };
		E36DBB9B28E86E2600C83FAC /* AspectVGridView.swift */ = {isa = PBXFileReference; lastKnownFileType = sourcecode.swift; path = AspectVGridView.swift; sourceTree = "<group>"; };
		E36DBB9E28E8734E00C83FAC /* GameViewModel.swift */ = {isa = PBXFileReference; lastKnownFileType = sourcecode.swift; path = GameViewModel.swift; sourceTree = "<group>"; };
		E3C7E6E028EF5600001DE56E /* ImageSetModel.swift */ = {isa = PBXFileReference; lastKnownFileType = sourcecode.swift; path = ImageSetModel.swift; sourceTree = "<group>"; };
		E3C7E6E228EF5A50001DE56E /* ImageSetViewModel.swift */ = {isa = PBXFileReference; lastKnownFileType = sourcecode.swift; path = ImageSetViewModel.swift; sourceTree = "<group>"; };
		E3C7E6E528EF5BA0001DE56E /* Locale.swift */ = {isa = PBXFileReference; lastKnownFileType = sourcecode.swift; path = Locale.swift; sourceTree = "<group>"; };
		E3C7E6EE28EF5CE9001DE56E /* en */ = {isa = PBXFileReference; lastKnownFileType = text.plist.strings; name = en; path = en.lproj/Localizable.strings; sourceTree = "<group>"; };
		E3C7E6F028EF5D1F001DE56E /* es */ = {isa = PBXFileReference; lastKnownFileType = text.plist.strings; name = es; path = es.lproj/Localizable.strings; sourceTree = "<group>"; };
		E3C7E6F428EF5DA1001DE56E /* en */ = {isa = PBXFileReference; lastKnownFileType = text.plist.stringsdict; name = en; path = en.lproj/Localizable.stringsdict; sourceTree = "<group>"; };
		E3C7E6F628EF5DB5001DE56E /* es */ = {isa = PBXFileReference; lastKnownFileType = text.plist.stringsdict; name = es; path = es.lproj/Localizable.stringsdict; sourceTree = "<group>"; };
		E3C7E6F728EF798E001DE56E /* CardView.swift */ = {isa = PBXFileReference; lastKnownFileType = sourcecode.swift; path = CardView.swift; sourceTree = "<group>"; };
		E3C7E6F928EF7BF5001DE56E /* CardifyModifier.swift */ = {isa = PBXFileReference; lastKnownFileType = sourcecode.swift; path = CardifyModifier.swift; sourceTree = "<group>"; };
/* End PBXFileReference section */

/* Begin PBXFrameworksBuildPhase section */
		E36DBB6728E8668B00C83FAC /* Frameworks */ = {
			isa = PBXFrameworksBuildPhase;
			buildActionMask = 2147483647;
			files = (
			);
			runOnlyForDeploymentPostprocessing = 0;
		};
		E36DBB7728E8668C00C83FAC /* Frameworks */ = {
			isa = PBXFrameworksBuildPhase;
			buildActionMask = 2147483647;
			files = (
			);
			runOnlyForDeploymentPostprocessing = 0;
		};
		E36DBB8128E8668C00C83FAC /* Frameworks */ = {
			isa = PBXFrameworksBuildPhase;
			buildActionMask = 2147483647;
			files = (
			);
			runOnlyForDeploymentPostprocessing = 0;
		};
/* End PBXFrameworksBuildPhase section */

/* Begin PBXGroup section */
		E32AABF328EB41460005BA5E /* Models */ = {
			isa = PBXGroup;
			children = (
				E32AABF428EB415E0005BA5E /* CardModel.swift */,
				E3C7E6E028EF5600001DE56E /* ImageSetModel.swift */,
			);
			path = Models;
			sourceTree = "<group>";
		};
		E32AABF628EB42570005BA5E /* Extensions */ = {
			isa = PBXGroup;
			children = (
			);
			path = Extensions;
			sourceTree = "<group>";
		};
		E36DBB6128E8668B00C83FAC = {
			isa = PBXGroup;
			children = (
				E36DBB6C28E8668B00C83FAC /* RAM */,
				E36DBB7D28E8668C00C83FAC /* RAMTests */,
				E36DBB8728E8668C00C83FAC /* RAMUITests */,
				E36DBB6B28E8668B00C83FAC /* Products */,
			);
			sourceTree = "<group>";
		};
		E36DBB6B28E8668B00C83FAC /* Products */ = {
			isa = PBXGroup;
			children = (
				E36DBB6A28E8668B00C83FAC /* RAM.app */,
				E36DBB7A28E8668C00C83FAC /* RAMTests.xctest */,
				E36DBB8428E8668C00C83FAC /* RAMUITests.xctest */,
			);
			name = Products;
			sourceTree = "<group>";
		};
		E36DBB6C28E8668B00C83FAC /* RAM */ = {
			isa = PBXGroup;
			children = (
				E3C7E6E428EF5B8C001DE56E /* Helpers */,
				E32AABF628EB42570005BA5E /* Extensions */,
				E32AABF328EB41460005BA5E /* Models */,
				E36DBB9D28E8733900C83FAC /* ViewModels */,
				E36DBB9A28E86E1000C83FAC /* Views */,
				E36DBB6D28E8668B00C83FAC /* RAMApp.swift */,
				E36DBB6F28E8668B00C83FAC /* ContentView.swift */,
				E36DBB7128E8668C00C83FAC /* Assets.xcassets */,
				E36DBB7328E8668C00C83FAC /* Preview Content */,
			);
			path = RAM;
			sourceTree = "<group>";
		};
		E36DBB7328E8668C00C83FAC /* Preview Content */ = {
			isa = PBXGroup;
			children = (
				E36DBB7428E8668C00C83FAC /* Preview Assets.xcassets */,
			);
			path = "Preview Content";
			sourceTree = "<group>";
		};
		E36DBB7D28E8668C00C83FAC /* RAMTests */ = {
			isa = PBXGroup;
			children = (
				E36DBB7E28E8668C00C83FAC /* RAMTests.swift */,
			);
			path = RAMTests;
			sourceTree = "<group>";
		};
		E36DBB8728E8668C00C83FAC /* RAMUITests */ = {
			isa = PBXGroup;
			children = (
				E36DBB8828E8668C00C83FAC /* RAMUITests.swift */,
				E36DBB8A28E8668C00C83FAC /* RAMUITestsLaunchTests.swift */,
			);
			path = RAMUITests;
			sourceTree = "<group>";
		};
		E36DBB9A28E86E1000C83FAC /* Views */ = {
			isa = PBXGroup;
			children = (
				E36DBB9B28E86E2600C83FAC /* AspectVGridView.swift */,
				E3C7E6F728EF798E001DE56E /* CardView.swift */,
				E3C7E6F928EF7BF5001DE56E /* CardifyModifier.swift */,
			);
			path = Views;
			sourceTree = "<group>";
		};
		E36DBB9D28E8733900C83FAC /* ViewModels */ = {
			isa = PBXGroup;
			children = (
				E36DBB9E28E8734E00C83FAC /* GameViewModel.swift */,
				E3C7E6E228EF5A50001DE56E /* ImageSetViewModel.swift */,
			);
			path = ViewModels;
			sourceTree = "<group>";
		};
		E3C7E6E428EF5B8C001DE56E /* Helpers */ = {
			isa = PBXGroup;
			children = (
				E32AABF728EB427E0005BA5E /* Extensions.swift */,
				E3C7E6E528EF5BA0001DE56E /* Locale.swift */,
				E3C7E6EF28EF5CE9001DE56E /* Localizable.strings */,
				E3C7E6F528EF5DA1001DE56E /* Localizable.stringsdict */,
			);
			path = Helpers;
			sourceTree = "<group>";
		};
/* End PBXGroup section */

/* Begin PBXNativeTarget section */
		E36DBB6928E8668B00C83FAC /* RAM */ = {
			isa = PBXNativeTarget;
			buildConfigurationList = E36DBB8E28E8668C00C83FAC /* Build configuration list for PBXNativeTarget "RAM" */;
			buildPhases = (
				E36AD95D28E8BAF90078B036 /* SwiftFormat */,
				E36DBB6628E8668B00C83FAC /* Sources */,
				E36DBB6728E8668B00C83FAC /* Frameworks */,
				E36DBB6828E8668B00C83FAC /* Resources */,
			);
			buildRules = (
			);
			dependencies = (
			);
			name = RAM;
			productName = RAM;
			productReference = E36DBB6A28E8668B00C83FAC /* RAM.app */;
			productType = "com.apple.product-type.application";
		};
		E36DBB7928E8668C00C83FAC /* RAMTests */ = {
			isa = PBXNativeTarget;
			buildConfigurationList = E36DBB9128E8668C00C83FAC /* Build configuration list for PBXNativeTarget "RAMTests" */;
			buildPhases = (
				E36DBB7628E8668C00C83FAC /* Sources */,
				E36DBB7728E8668C00C83FAC /* Frameworks */,
				E36DBB7828E8668C00C83FAC /* Resources */,
			);
			buildRules = (
			);
			dependencies = (
				E36DBB7C28E8668C00C83FAC /* PBXTargetDependency */,
			);
			name = RAMTests;
			productName = RAMTests;
			productReference = E36DBB7A28E8668C00C83FAC /* RAMTests.xctest */;
			productType = "com.apple.product-type.bundle.unit-test";
		};
		E36DBB8328E8668C00C83FAC /* RAMUITests */ = {
			isa = PBXNativeTarget;
			buildConfigurationList = E36DBB9428E8668C00C83FAC /* Build configuration list for PBXNativeTarget "RAMUITests" */;
			buildPhases = (
				E36DBB8028E8668C00C83FAC /* Sources */,
				E36DBB8128E8668C00C83FAC /* Frameworks */,
				E36DBB8228E8668C00C83FAC /* Resources */,
			);
			buildRules = (
			);
			dependencies = (
				E36DBB8628E8668C00C83FAC /* PBXTargetDependency */,
			);
			name = RAMUITests;
			productName = RAMUITests;
			productReference = E36DBB8428E8668C00C83FAC /* RAMUITests.xctest */;
			productType = "com.apple.product-type.bundle.ui-testing";
		};
/* End PBXNativeTarget section */

/* Begin PBXProject section */
		E36DBB6228E8668B00C83FAC /* Project object */ = {
			isa = PBXProject;
			attributes = {
				BuildIndependentTargetsInParallel = 1;
				LastSwiftUpdateCheck = 1410;
				LastUpgradeCheck = 1410;
				TargetAttributes = {
					E36DBB6928E8668B00C83FAC = {
						CreatedOnToolsVersion = 14.1;
					};
					E36DBB7928E8668C00C83FAC = {
						CreatedOnToolsVersion = 14.1;
						TestTargetID = E36DBB6928E8668B00C83FAC;
					};
					E36DBB8328E8668C00C83FAC = {
						CreatedOnToolsVersion = 14.1;
						TestTargetID = E36DBB6928E8668B00C83FAC;
					};
				};
			};
			buildConfigurationList = E36DBB6528E8668B00C83FAC /* Build configuration list for PBXProject "RAM" */;
			compatibilityVersion = "Xcode 14.0";
			developmentRegion = en;
			hasScannedForEncodings = 0;
			knownRegions = (
				en,
				Base,
				es,
			);
			mainGroup = E36DBB6128E8668B00C83FAC;
			productRefGroup = E36DBB6B28E8668B00C83FAC /* Products */;
			projectDirPath = "";
			projectRoot = "";
			targets = (
				E36DBB6928E8668B00C83FAC /* RAM */,
				E36DBB7928E8668C00C83FAC /* RAMTests */,
				E36DBB8328E8668C00C83FAC /* RAMUITests */,
			);
		};
/* End PBXProject section */

/* Begin PBXResourcesBuildPhase section */
		E36DBB6828E8668B00C83FAC /* Resources */ = {
			isa = PBXResourcesBuildPhase;
			buildActionMask = 2147483647;
			files = (
				E3C7E6ED28EF5CE9001DE56E /* Localizable.strings in Resources */,
				E36DBB7528E8668C00C83FAC /* Preview Assets.xcassets in Resources */,
				E3C7E6F328EF5DA1001DE56E /* Localizable.stringsdict in Resources */,
				E36DBB7228E8668C00C83FAC /* Assets.xcassets in Resources */,
			);
			runOnlyForDeploymentPostprocessing = 0;
		};
		E36DBB7828E8668C00C83FAC /* Resources */ = {
			isa = PBXResourcesBuildPhase;
			buildActionMask = 2147483647;
			files = (
			);
			runOnlyForDeploymentPostprocessing = 0;
		};
		E36DBB8228E8668C00C83FAC /* Resources */ = {
			isa = PBXResourcesBuildPhase;
			buildActionMask = 2147483647;
			files = (
			);
			runOnlyForDeploymentPostprocessing = 0;
		};
/* End PBXResourcesBuildPhase section */

/* Begin PBXShellScriptBuildPhase section */
		E36AD95D28E8BAF90078B036 /* SwiftFormat */ = {
			isa = PBXShellScriptBuildPhase;
			buildActionMask = 2147483647;
			files = (
			);
			inputFileListPaths = (
			);
			inputPaths = (
			);
			name = SwiftFormat;
			outputFileListPaths = (
			);
			outputPaths = (
			);
			runOnlyForDeploymentPostprocessing = 0;
			shellPath = /bin/sh;
			shellScript = "cd BuildTools\nSDKROOT=(xcrun --sdk iphoneos --show-sdk-path)\n\n#swift package update\nswift run -c release swiftformat --config \"$SRCROOT/.swiftformat\" \"$SRCROOT\"\nswift run swiftlint --config \"$SRCROOT/.swiftlint.yml\"\n\n";
		};
/* End PBXShellScriptBuildPhase section */

/* Begin PBXSourcesBuildPhase section */
		E36DBB6628E8668B00C83FAC /* Sources */ = {
			isa = PBXSourcesBuildPhase;
			buildActionMask = 2147483647;
			files = (
				E36DBB9F28E8734E00C83FAC /* GameViewModel.swift in Sources */,
				E32AABF828EB427E0005BA5E /* Extensions.swift in Sources */,
				E3C7E6E628EF5BA0001DE56E /* Locale.swift in Sources */,
				E36DBB7028E8668B00C83FAC /* ContentView.swift in Sources */,
				E3C7E6FA28EF7BF5001DE56E /* CardifyModifier.swift in Sources */,
				E3C7E6F828EF798E001DE56E /* CardView.swift in Sources */,
				E36DBB9C28E86E2600C83FAC /* AspectVGridView.swift in Sources */,
				E36DBB6E28E8668B00C83FAC /* RAMApp.swift in Sources */,
				E3C7E6E328EF5A50001DE56E /* ImageSetViewModel.swift in Sources */,
				E32AABF528EB415E0005BA5E /* CardModel.swift in Sources */,
				E3C7E6E128EF5600001DE56E /* ImageSetModel.swift in Sources */,
			);
			runOnlyForDeploymentPostprocessing = 0;
		};
		E36DBB7628E8668C00C83FAC /* Sources */ = {
			isa = PBXSourcesBuildPhase;
			buildActionMask = 2147483647;
			files = (
				E36DBB7F28E8668C00C83FAC /* RAMTests.swift in Sources */,
			);
			runOnlyForDeploymentPostprocessing = 0;
		};
		E36DBB8028E8668C00C83FAC /* Sources */ = {
			isa = PBXSourcesBuildPhase;
			buildActionMask = 2147483647;
			files = (
				E36DBB8928E8668C00C83FAC /* RAMUITests.swift in Sources */,
				E36DBB8B28E8668C00C83FAC /* RAMUITestsLaunchTests.swift in Sources */,
			);
			runOnlyForDeploymentPostprocessing = 0;
		};
/* End PBXSourcesBuildPhase section */

/* Begin PBXTargetDependency section */
		E36DBB7C28E8668C00C83FAC /* PBXTargetDependency */ = {
			isa = PBXTargetDependency;
			target = E36DBB6928E8668B00C83FAC /* RAM */;
			targetProxy = E36DBB7B28E8668C00C83FAC /* PBXContainerItemProxy */;
		};
		E36DBB8628E8668C00C83FAC /* PBXTargetDependency */ = {
			isa = PBXTargetDependency;
			target = E36DBB6928E8668B00C83FAC /* RAM */;
			targetProxy = E36DBB8528E8668C00C83FAC /* PBXContainerItemProxy */;
		};
/* End PBXTargetDependency section */

/* Begin PBXVariantGroup section */
		E3C7E6EF28EF5CE9001DE56E /* Localizable.strings */ = {
			isa = PBXVariantGroup;
			children = (
				E3C7E6EE28EF5CE9001DE56E /* en */,
				E3C7E6F028EF5D1F001DE56E /* es */,
			);
			name = Localizable.strings;
			sourceTree = "<group>";
		};
		E3C7E6F528EF5DA1001DE56E /* Localizable.stringsdict */ = {
			isa = PBXVariantGroup;
			children = (
				E3C7E6F428EF5DA1001DE56E /* en */,
				E3C7E6F628EF5DB5001DE56E /* es */,
			);
			name = Localizable.stringsdict;
			sourceTree = "<group>";
		};
/* End PBXVariantGroup section */

/* Begin XCBuildConfiguration section */
		E36DBB8C28E8668C00C83FAC /* Debug */ = {
			isa = XCBuildConfiguration;
			buildSettings = {
				ALWAYS_SEARCH_USER_PATHS = NO;
				CLANG_ANALYZER_LOCALIZABILITY_NONLOCALIZED = YES;
				CLANG_ANALYZER_NONNULL = YES;
				CLANG_ANALYZER_NUMBER_OBJECT_CONVERSION = YES_AGGRESSIVE;
				CLANG_CXX_LANGUAGE_STANDARD = "gnu++20";
				CLANG_ENABLE_MODULES = YES;
				CLANG_ENABLE_OBJC_ARC = YES;
				CLANG_ENABLE_OBJC_WEAK = YES;
				CLANG_WARN_BLOCK_CAPTURE_AUTORELEASING = YES;
				CLANG_WARN_BOOL_CONVERSION = YES;
				CLANG_WARN_COMMA = YES;
				CLANG_WARN_CONSTANT_CONVERSION = YES;
				CLANG_WARN_DEPRECATED_OBJC_IMPLEMENTATIONS = YES;
				CLANG_WARN_DIRECT_OBJC_ISA_USAGE = YES_ERROR;
				CLANG_WARN_DOCUMENTATION_COMMENTS = YES;
				CLANG_WARN_EMPTY_BODY = YES;
				CLANG_WARN_ENUM_CONVERSION = YES;
				CLANG_WARN_INFINITE_RECURSION = YES;
				CLANG_WARN_INT_CONVERSION = YES;
				CLANG_WARN_NON_LITERAL_NULL_CONVERSION = YES;
				CLANG_WARN_OBJC_IMPLICIT_RETAIN_SELF = YES;
				CLANG_WARN_OBJC_LITERAL_CONVERSION = YES;
				CLANG_WARN_OBJC_ROOT_CLASS = YES_ERROR;
				CLANG_WARN_QUOTED_INCLUDE_IN_FRAMEWORK_HEADER = YES;
				CLANG_WARN_RANGE_LOOP_ANALYSIS = YES;
				CLANG_WARN_STRICT_PROTOTYPES = YES;
				CLANG_WARN_SUSPICIOUS_MOVE = YES;
				CLANG_WARN_UNGUARDED_AVAILABILITY = YES_AGGRESSIVE;
				CLANG_WARN_UNREACHABLE_CODE = YES;
				CLANG_WARN__DUPLICATE_METHOD_MATCH = YES;
				COPY_PHASE_STRIP = NO;
				DEBUG_INFORMATION_FORMAT = dwarf;
				ENABLE_STRICT_OBJC_MSGSEND = YES;
				ENABLE_TESTABILITY = YES;
				GCC_C_LANGUAGE_STANDARD = gnu11;
				GCC_DYNAMIC_NO_PIC = NO;
				GCC_NO_COMMON_BLOCKS = YES;
				GCC_OPTIMIZATION_LEVEL = 0;
				GCC_PREPROCESSOR_DEFINITIONS = (
					"DEBUG=1",
					"$(inherited)",
				);
				GCC_WARN_64_TO_32_BIT_CONVERSION = YES;
				GCC_WARN_ABOUT_RETURN_TYPE = YES_ERROR;
				GCC_WARN_UNDECLARED_SELECTOR = YES;
				GCC_WARN_UNINITIALIZED_AUTOS = YES_AGGRESSIVE;
				GCC_WARN_UNUSED_FUNCTION = YES;
				GCC_WARN_UNUSED_VARIABLE = YES;
				IPHONEOS_DEPLOYMENT_TARGET = 16.1;
				MTL_ENABLE_DEBUG_INFO = INCLUDE_SOURCE;
				MTL_FAST_MATH = YES;
				ONLY_ACTIVE_ARCH = YES;
				SDKROOT = iphoneos;
				SWIFT_ACTIVE_COMPILATION_CONDITIONS = DEBUG;
				SWIFT_OPTIMIZATION_LEVEL = "-Onone";
			};
			name = Debug;
		};
		E36DBB8D28E8668C00C83FAC /* Release */ = {
			isa = XCBuildConfiguration;
			buildSettings = {
				ALWAYS_SEARCH_USER_PATHS = NO;
				CLANG_ANALYZER_LOCALIZABILITY_NONLOCALIZED = YES;
				CLANG_ANALYZER_NONNULL = YES;
				CLANG_ANALYZER_NUMBER_OBJECT_CONVERSION = YES_AGGRESSIVE;
				CLANG_CXX_LANGUAGE_STANDARD = "gnu++20";
				CLANG_ENABLE_MODULES = YES;
				CLANG_ENABLE_OBJC_ARC = YES;
				CLANG_ENABLE_OBJC_WEAK = YES;
				CLANG_WARN_BLOCK_CAPTURE_AUTORELEASING = YES;
				CLANG_WARN_BOOL_CONVERSION = YES;
				CLANG_WARN_COMMA = YES;
				CLANG_WARN_CONSTANT_CONVERSION = YES;
				CLANG_WARN_DEPRECATED_OBJC_IMPLEMENTATIONS = YES;
				CLANG_WARN_DIRECT_OBJC_ISA_USAGE = YES_ERROR;
				CLANG_WARN_DOCUMENTATION_COMMENTS = YES;
				CLANG_WARN_EMPTY_BODY = YES;
				CLANG_WARN_ENUM_CONVERSION = YES;
				CLANG_WARN_INFINITE_RECURSION = YES;
				CLANG_WARN_INT_CONVERSION = YES;
				CLANG_WARN_NON_LITERAL_NULL_CONVERSION = YES;
				CLANG_WARN_OBJC_IMPLICIT_RETAIN_SELF = YES;
				CLANG_WARN_OBJC_LITERAL_CONVERSION = YES;
				CLANG_WARN_OBJC_ROOT_CLASS = YES_ERROR;
				CLANG_WARN_QUOTED_INCLUDE_IN_FRAMEWORK_HEADER = YES;
				CLANG_WARN_RANGE_LOOP_ANALYSIS = YES;
				CLANG_WARN_STRICT_PROTOTYPES = YES;
				CLANG_WARN_SUSPICIOUS_MOVE = YES;
				CLANG_WARN_UNGUARDED_AVAILABILITY = YES_AGGRESSIVE;
				CLANG_WARN_UNREACHABLE_CODE = YES;
				CLANG_WARN__DUPLICATE_METHOD_MATCH = YES;
				COPY_PHASE_STRIP = NO;
				DEBUG_INFORMATION_FORMAT = "dwarf-with-dsym";
				ENABLE_NS_ASSERTIONS = NO;
				ENABLE_STRICT_OBJC_MSGSEND = YES;
				GCC_C_LANGUAGE_STANDARD = gnu11;
				GCC_NO_COMMON_BLOCKS = YES;
				GCC_WARN_64_TO_32_BIT_CONVERSION = YES;
				GCC_WARN_ABOUT_RETURN_TYPE = YES_ERROR;
				GCC_WARN_UNDECLARED_SELECTOR = YES;
				GCC_WARN_UNINITIALIZED_AUTOS = YES_AGGRESSIVE;
				GCC_WARN_UNUSED_FUNCTION = YES;
				GCC_WARN_UNUSED_VARIABLE = YES;
				IPHONEOS_DEPLOYMENT_TARGET = 16.1;
				MTL_ENABLE_DEBUG_INFO = NO;
				MTL_FAST_MATH = YES;
				SDKROOT = iphoneos;
				SWIFT_COMPILATION_MODE = wholemodule;
				SWIFT_OPTIMIZATION_LEVEL = "-O";
				VALIDATE_PRODUCT = YES;
			};
			name = Release;
		};
		E36DBB8F28E8668C00C83FAC /* Debug */ = {
			isa = XCBuildConfiguration;
			buildSettings = {
				ASSETCATALOG_COMPILER_APPICON_NAME = AppIcon;
				ASSETCATALOG_COMPILER_GLOBAL_ACCENT_COLOR_NAME = AccentColor;
				CODE_SIGN_STYLE = Automatic;
				CURRENT_PROJECT_VERSION = 1;
				DEVELOPMENT_ASSET_PATHS = "\"RAM/Preview Content\"";
				DEVELOPMENT_TEAM = RFQY6T2L4D;
				ENABLE_PREVIEWS = YES;
				GENERATE_INFOPLIST_FILE = YES;
				INFOPLIST_KEY_UIApplicationSceneManifest_Generation = YES;
				INFOPLIST_KEY_UIApplicationSupportsIndirectInputEvents = YES;
				INFOPLIST_KEY_UILaunchScreen_Generation = YES;
				INFOPLIST_KEY_UISupportedInterfaceOrientations_iPad = "UIInterfaceOrientationPortrait UIInterfaceOrientationPortraitUpsideDown UIInterfaceOrientationLandscapeLeft UIInterfaceOrientationLandscapeRight";
				INFOPLIST_KEY_UISupportedInterfaceOrientations_iPhone = "UIInterfaceOrientationPortrait UIInterfaceOrientationLandscapeLeft UIInterfaceOrientationLandscapeRight";
				LD_RUNPATH_SEARCH_PATHS = (
					"$(inherited)",
					"@executable_path/Frameworks",
				);
				MARKETING_VERSION = 1.0;
				PRODUCT_BUNDLE_IDENTIFIER = xyz.liwtec.RAM;
				PRODUCT_NAME = "$(TARGET_NAME)";
				SWIFT_EMIT_LOC_STRINGS = YES;
				SWIFT_VERSION = 5.0;
				TARGETED_DEVICE_FAMILY = "1,2";
			};
			name = Debug;
		};
		E36DBB9028E8668C00C83FAC /* Release */ = {
			isa = XCBuildConfiguration;
			buildSettings = {
				ASSETCATALOG_COMPILER_APPICON_NAME = AppIcon;
				ASSETCATALOG_COMPILER_GLOBAL_ACCENT_COLOR_NAME = AccentColor;
				CODE_SIGN_STYLE = Automatic;
				CURRENT_PROJECT_VERSION = 1;
				DEVELOPMENT_ASSET_PATHS = "\"RAM/Preview Content\"";
				DEVELOPMENT_TEAM = RFQY6T2L4D;
				ENABLE_PREVIEWS = YES;
				GENERATE_INFOPLIST_FILE = YES;
				INFOPLIST_KEY_UIApplicationSceneManifest_Generation = YES;
				INFOPLIST_KEY_UIApplicationSupportsIndirectInputEvents = YES;
				INFOPLIST_KEY_UILaunchScreen_Generation = YES;
				INFOPLIST_KEY_UISupportedInterfaceOrientations_iPad = "UIInterfaceOrientationPortrait UIInterfaceOrientationPortraitUpsideDown UIInterfaceOrientationLandscapeLeft UIInterfaceOrientationLandscapeRight";
				INFOPLIST_KEY_UISupportedInterfaceOrientations_iPhone = "UIInterfaceOrientationPortrait UIInterfaceOrientationLandscapeLeft UIInterfaceOrientationLandscapeRight";
				LD_RUNPATH_SEARCH_PATHS = (
					"$(inherited)",
					"@executable_path/Frameworks",
				);
				MARKETING_VERSION = 1.0;
				PRODUCT_BUNDLE_IDENTIFIER = xyz.liwtec.RAM;
				PRODUCT_NAME = "$(TARGET_NAME)";
				SWIFT_EMIT_LOC_STRINGS = YES;
				SWIFT_VERSION = 5.0;
				TARGETED_DEVICE_FAMILY = "1,2";
			};
			name = Release;
		};
		E36DBB9228E8668C00C83FAC /* Debug */ = {
			isa = XCBuildConfiguration;
			buildSettings = {
				ALWAYS_EMBED_SWIFT_STANDARD_LIBRARIES = YES;
				BUNDLE_LOADER = "$(TEST_HOST)";
				CODE_SIGN_STYLE = Automatic;
				CURRENT_PROJECT_VERSION = 1;
				DEVELOPMENT_TEAM = RFQY6T2L4D;
				GENERATE_INFOPLIST_FILE = YES;
				IPHONEOS_DEPLOYMENT_TARGET = 16.1;
				MARKETING_VERSION = 1.0;
				PRODUCT_BUNDLE_IDENTIFIER = xyz.liwtec.RAMTests;
				PRODUCT_NAME = "$(TARGET_NAME)";
				SWIFT_EMIT_LOC_STRINGS = NO;
				SWIFT_VERSION = 5.0;
				TARGETED_DEVICE_FAMILY = "1,2";
				TEST_HOST = "$(BUILT_PRODUCTS_DIR)/RAM.app/$(BUNDLE_EXECUTABLE_FOLDER_PATH)/RAM";
			};
			name = Debug;
		};
		E36DBB9328E8668C00C83FAC /* Release */ = {
			isa = XCBuildConfiguration;
			buildSettings = {
				ALWAYS_EMBED_SWIFT_STANDARD_LIBRARIES = YES;
				BUNDLE_LOADER = "$(TEST_HOST)";
				CODE_SIGN_STYLE = Automatic;
				CURRENT_PROJECT_VERSION = 1;
				DEVELOPMENT_TEAM = RFQY6T2L4D;
				GENERATE_INFOPLIST_FILE = YES;
				IPHONEOS_DEPLOYMENT_TARGET = 16.1;
				MARKETING_VERSION = 1.0;
				PRODUCT_BUNDLE_IDENTIFIER = xyz.liwtec.RAMTests;
				PRODUCT_NAME = "$(TARGET_NAME)";
				SWIFT_EMIT_LOC_STRINGS = NO;
				SWIFT_VERSION = 5.0;
				TARGETED_DEVICE_FAMILY = "1,2";
				TEST_HOST = "$(BUILT_PRODUCTS_DIR)/RAM.app/$(BUNDLE_EXECUTABLE_FOLDER_PATH)/RAM";
			};
			name = Release;
		};
		E36DBB9528E8668C00C83FAC /* Debug */ = {
			isa = XCBuildConfiguration;
			buildSettings = {
				ALWAYS_EMBED_SWIFT_STANDARD_LIBRARIES = YES;
				CODE_SIGN_STYLE = Automatic;
				CURRENT_PROJECT_VERSION = 1;
				DEVELOPMENT_TEAM = RFQY6T2L4D;
				GENERATE_INFOPLIST_FILE = YES;
				MARKETING_VERSION = 1.0;
				PRODUCT_BUNDLE_IDENTIFIER = xyz.liwtec.RAMUITests;
				PRODUCT_NAME = "$(TARGET_NAME)";
				SWIFT_EMIT_LOC_STRINGS = NO;
				SWIFT_VERSION = 5.0;
				TARGETED_DEVICE_FAMILY = "1,2";
				TEST_TARGET_NAME = RAM;
			};
			name = Debug;
		};
		E36DBB9628E8668C00C83FAC /* Release */ = {
			isa = XCBuildConfiguration;
			buildSettings = {
				ALWAYS_EMBED_SWIFT_STANDARD_LIBRARIES = YES;
				CODE_SIGN_STYLE = Automatic;
				CURRENT_PROJECT_VERSION = 1;
				DEVELOPMENT_TEAM = RFQY6T2L4D;
				GENERATE_INFOPLIST_FILE = YES;
				MARKETING_VERSION = 1.0;
				PRODUCT_BUNDLE_IDENTIFIER = xyz.liwtec.RAMUITests;
				PRODUCT_NAME = "$(TARGET_NAME)";
				SWIFT_EMIT_LOC_STRINGS = NO;
				SWIFT_VERSION = 5.0;
				TARGETED_DEVICE_FAMILY = "1,2";
				TEST_TARGET_NAME = RAM;
			};
			name = Release;
		};
/* End XCBuildConfiguration section */

/* Begin XCConfigurationList section */
		E36DBB6528E8668B00C83FAC /* Build configuration list for PBXProject "RAM" */ = {
			isa = XCConfigurationList;
			buildConfigurations = (
				E36DBB8C28E8668C00C83FAC /* Debug */,
				E36DBB8D28E8668C00C83FAC /* Release */,
			);
			defaultConfigurationIsVisible = 0;
			defaultConfigurationName = Release;
		};
		E36DBB8E28E8668C00C83FAC /* Build configuration list for PBXNativeTarget "RAM" */ = {
			isa = XCConfigurationList;
			buildConfigurations = (
				E36DBB8F28E8668C00C83FAC /* Debug */,
				E36DBB9028E8668C00C83FAC /* Release */,
			);
			defaultConfigurationIsVisible = 0;
			defaultConfigurationName = Release;
		};
		E36DBB9128E8668C00C83FAC /* Build configuration list for PBXNativeTarget "RAMTests" */ = {
			isa = XCConfigurationList;
			buildConfigurations = (
				E36DBB9228E8668C00C83FAC /* Debug */,
				E36DBB9328E8668C00C83FAC /* Release */,
			);
			defaultConfigurationIsVisible = 0;
			defaultConfigurationName = Release;
		};
		E36DBB9428E8668C00C83FAC /* Build configuration list for PBXNativeTarget "RAMUITests" */ = {
			isa = XCConfigurationList;
			buildConfigurations = (
				E36DBB9528E8668C00C83FAC /* Debug */,
				E36DBB9628E8668C00C83FAC /* Release */,
			);
			defaultConfigurationIsVisible = 0;
			defaultConfigurationName = Release;
		};
/* End XCConfigurationList section */
	};
	rootObject = E36DBB6228E8668B00C83FAC /* Project object */;
}
